
Microsoft Visual Studio Solution File, Format Version 12.00
# Visual Studio 15
VisualStudioVersion = 15.0.26124.0
MinimumVisualStudioVersion = 15.0.26124.0
Project("{F2A71F9B-5D33-465A-A702-920D77279786}") = "AdventOfCode21", "AdventOfCode21\AdventOfCode21.fsproj", "{BAE6166F-C0F2-4A5F-88F8-5B09227355E9}"
EndProject
Project("{F2A71F9B-5D33-465A-A702-920D77279786}") = "Test", "Test\Test.fsproj", "{B15A8D35-5B4E-41EB-8288-77D1E4C36740}"
EndProject
Global
	GlobalSection(SolutionConfigurationPlatforms) = preSolution
		Debug|Any CPU = Debug|Any CPU
		Debug|x64 = Debug|x64
		Debug|x86 = Debug|x86
		Release|Any CPU = Release|Any CPU
		Release|x64 = Release|x64
		Release|x86 = Release|x86
	EndGlobalSection
	GlobalSection(SolutionProperties) = preSolution
		HideSolutionNode = FALSE
	EndGlobalSection
	GlobalSection(ProjectConfigurationPlatforms) = postSolution
		{BAE6166F-C0F2-4A5F-88F8-5B09227355E9}.Debug|Any CPU.ActiveCfg = Debug|Any CPU
		{BAE6166F-C0F2-4A5F-88F8-5B09227355E9}.Debug|Any CPU.Build.0 = Debug|Any CPU
		{BAE6166F-C0F2-4A5F-88F8-5B09227355E9}.Debug|x64.ActiveCfg = Debug|Any CPU
		{BAE6166F-C0F2-4A5F-88F8-5B09227355E9}.Debug|x64.Build.0 = Debug|Any CPU
		{BAE6166F-C0F2-4A5F-88F8-5B09227355E9}.Debug|x86.ActiveCfg = Debug|Any CPU
		{BAE6166F-C0F2-4A5F-88F8-5B09227355E9}.Debug|x86.Build.0 = Debug|Any CPU
		{BAE6166F-C0F2-4A5F-88F8-5B09227355E9}.Release|Any CPU.ActiveCfg = Release|Any CPU
		{BAE6166F-C0F2-4A5F-88F8-5B09227355E9}.Release|Any CPU.Build.0 = Release|Any CPU
		{BAE6166F-C0F2-4A5F-88F8-5B09227355E9}.Release|x64.ActiveCfg = Release|Any CPU
		{BAE6166F-C0F2-4A5F-88F8-5B09227355E9}.Release|x64.Build.0 = Release|Any CPU
		{BAE6166F-C0F2-4A5F-88F8-5B09227355E9}.Release|x86.ActiveCfg = Release|Any CPU
		{BAE6166F-C0F2-4A5F-88F8-5B09227355E9}.Release|x86.Build.0 = Release|Any CPU
		{B15A8D35-5B4E-41EB-8288-77D1E4C36740}.Debug|Any CPU.ActiveCfg = Debug|Any CPU
		{B15A8D35-5B4E-41EB-8288-77D1E4C36740}.Debug|Any CPU.Build.0 = Debug|Any CPU
		{B15A8D35-5B4E-41EB-8288-77D1E4C36740}.Debug|x64.ActiveCfg = Debug|Any CPU
		{B15A8D35-5B4E-41EB-8288-77D1E4C36740}.Debug|x64.Build.0 = Debug|Any CPU
		{B15A8D35-5B4E-41EB-8288-77D1E4C36740}.Debug|x86.ActiveCfg = Debug|Any CPU
		{B15A8D35-5B4E-41EB-8288-77D1E4C36740}.Debug|x86.Build.0 = Debug|Any CPU
		{B15A8D35-5B4E-41EB-8288-77D1E4C36740}.Release|Any CPU.ActiveCfg = Release|Any CPU
		{B15A8D35-5B4E-41EB-8288-77D1E4C36740}.Release|Any CPU.Build.0 = Release|Any CPU
		{B15A8D35-5B4E-41EB-8288-77D1E4C36740}.Release|x64.ActiveCfg = Release|Any CPU
		{B15A8D35-5B4E-41EB-8288-77D1E4C36740}.Release|x64.Build.0 = Release|Any CPU
		{B15A8D35-5B4E-41EB-8288-77D1E4C36740}.Release|x86.ActiveCfg = Release|Any CPU
		{B15A8D35-5B4E-41EB-8288-77D1E4C36740}.Release|x86.Build.0 = Release|Any CPU
	EndGlobalSection
EndGlobal
